{
  "pins" : [
    {
      "identity" : "apiclient",
      "kind" : "remoteSourceControl",
      "location" : "https://github.com/ArdOnat/ApiClient.git",
      "state" : {
        "revision" : "a3e08bf6045277011f45cc60075acc90b1c755bb"
      }
    },
    {
      "identity" : "coremodule",
      "kind" : "remoteSourceControl",
      "location" : "https://github.com/ArdOnat/CoreModule.git",
      "state" : {
        "revision" : "c6b698e66082043b4725294ec80b603d50a90990",
        "version" : "1.3.7"
      }
    },
    {
      "identity" : "iosappherecomponents",
      "kind" : "remoteSourceControl",
      "location" : "https://github.com/AppHereDevs/iOSAppHereComponents.git",
      "state" : {
        "revision" : "a24b05a605e7a48f8c79b212eae52425b70297c4"
      }
    },
    {
      "identity" : "validator",
      "kind" : "remoteSourceControl",
      "location" : "https://github.com/adamwaite/Validator.git",
      "state" : {
        "branch" : "master",
        "revision" : "8dacfee6a28b1b8ffe3aa082b0647328dde454d7"
      }
    }
  ],
  "version" : 2
}
